
Microsoft Visual Studio Solution File, Format Version 12.00
Project("{FAE04EC0-301F-11D3-BF4B-00C04F79EFBC}") = "Stan333.SharedKernel", "src\Stan333.SharedKernel\Stan333.SharedKernel.csproj", "{DE52F3A0-2C9E-4AC7-92D6-07F233F7681E}"
EndProject
Project("{2150E333-8FDC-42A3-9474-1A3956D46DE8}") = "SolutionFolder", "SolutionFolder", "{D696F730-80D7-4CAE-948C-D155CCC674D4}"
	ProjectSection(SolutionItems) = preProject
		.editorconfig = .editorconfig
		.gitignore = .gitignore
		Directory.Build.props = Directory.Build.props
		Directory.Packages.props = Directory.Packages.props
	EndProjectSection
EndProject
Project("{FAE04EC0-301F-11D3-BF4B-00C04F79EFBC}") = "Stan333.Core", "src\Stan333.Core\Stan333.Core.csproj", "{D679C524-35F1-4D9E-8EA0-2C7DD1F24377}"
EndProject
Project("{FAE04EC0-301F-11D3-BF4B-00C04F79EFBC}") = "Stan333.Framework", "src\Stan333.Framework\Stan333.Framework.csproj", "{EBBA1663-4F87-4164-8C25-382C240728B8}"
EndProject
Project("{2150E333-8FDC-42A3-9474-1A3956D46DE8}") = "tests", "tests", "{0AB3BF05-4346-4AA6-1389-037BE0695223}"
EndProject
Project("{FAE04EC0-301F-11D3-BF4B-00C04F79EFBC}") = "Stan333.Shared.UnitTests", "tests\Stan333.Shared.UnitTests\Stan333.Shared.UnitTests.csproj", "{2A905946-AF43-46D9-A620-D617EE8A0E16}"
EndProject
Global
	GlobalSection(SolutionConfigurationPlatforms) = preSolution
		Debug|Any CPU = Debug|Any CPU
		Debug|x64 = Debug|x64
		Debug|x86 = Debug|x86
		Release|Any CPU = Release|Any CPU
		Release|x64 = Release|x64
		Release|x86 = Release|x86
	EndGlobalSection
	GlobalSection(ProjectConfigurationPlatforms) = postSolution
		{DE52F3A0-2C9E-4AC7-92D6-07F233F7681E}.Debug|Any CPU.ActiveCfg = Debug|Any CPU
		{DE52F3A0-2C9E-4AC7-92D6-07F233F7681E}.Debug|Any CPU.Build.0 = Debug|Any CPU
		{DE52F3A0-2C9E-4AC7-92D6-07F233F7681E}.Debug|x64.ActiveCfg = Debug|Any CPU
		{DE52F3A0-2C9E-4AC7-92D6-07F233F7681E}.Debug|x64.Build.0 = Debug|Any CPU
		{DE52F3A0-2C9E-4AC7-92D6-07F233F7681E}.Debug|x86.ActiveCfg = Debug|Any CPU
		{DE52F3A0-2C9E-4AC7-92D6-07F233F7681E}.Debug|x86.Build.0 = Debug|Any CPU
		{DE52F3A0-2C9E-4AC7-92D6-07F233F7681E}.Release|Any CPU.ActiveCfg = Release|Any CPU
		{DE52F3A0-2C9E-4AC7-92D6-07F233F7681E}.Release|Any CPU.Build.0 = Release|Any CPU
		{DE52F3A0-2C9E-4AC7-92D6-07F233F7681E}.Release|x64.ActiveCfg = Release|Any CPU
		{DE52F3A0-2C9E-4AC7-92D6-07F233F7681E}.Release|x64.Build.0 = Release|Any CPU
		{DE52F3A0-2C9E-4AC7-92D6-07F233F7681E}.Release|x86.ActiveCfg = Release|Any CPU
		{DE52F3A0-2C9E-4AC7-92D6-07F233F7681E}.Release|x86.Build.0 = Release|Any CPU
		{D679C524-35F1-4D9E-8EA0-2C7DD1F24377}.Debug|Any CPU.ActiveCfg = Debug|Any CPU
		{D679C524-35F1-4D9E-8EA0-2C7DD1F24377}.Debug|Any CPU.Build.0 = Debug|Any CPU
		{D679C524-35F1-4D9E-8EA0-2C7DD1F24377}.Debug|x64.ActiveCfg = Debug|Any CPU
		{D679C524-35F1-4D9E-8EA0-2C7DD1F24377}.Debug|x64.Build.0 = Debug|Any CPU
		{D679C524-35F1-4D9E-8EA0-2C7DD1F24377}.Debug|x86.ActiveCfg = Debug|Any CPU
		{D679C524-35F1-4D9E-8EA0-2C7DD1F24377}.Debug|x86.Build.0 = Debug|Any CPU
		{D679C524-35F1-4D9E-8EA0-2C7DD1F24377}.Release|Any CPU.ActiveCfg = Release|Any CPU
		{D679C524-35F1-4D9E-8EA0-2C7DD1F24377}.Release|Any CPU.Build.0 = Release|Any CPU
		{D679C524-35F1-4D9E-8EA0-2C7DD1F24377}.Release|x64.ActiveCfg = Release|Any CPU
		{D679C524-35F1-4D9E-8EA0-2C7DD1F24377}.Release|x64.Build.0 = Release|Any CPU
		{D679C524-35F1-4D9E-8EA0-2C7DD1F24377}.Release|x86.ActiveCfg = Release|Any CPU
		{D679C524-35F1-4D9E-8EA0-2C7DD1F24377}.Release|x86.Build.0 = Release|Any CPU
		{EBBA1663-4F87-4164-8C25-382C240728B8}.Debug|Any CPU.ActiveCfg = Debug|Any CPU
		{EBBA1663-4F87-4164-8C25-382C240728B8}.Debug|Any CPU.Build.0 = Debug|Any CPU
		{EBBA1663-4F87-4164-8C25-382C240728B8}.Debug|x64.ActiveCfg = Debug|Any CPU
		{EBBA1663-4F87-4164-8C25-382C240728B8}.Debug|x64.Build.0 = Debug|Any CPU
		{EBBA1663-4F87-4164-8C25-382C240728B8}.Debug|x86.ActiveCfg = Debug|Any CPU
		{EBBA1663-4F87-4164-8C25-382C240728B8}.Debug|x86.Build.0 = Debug|Any CPU
		{EBBA1663-4F87-4164-8C25-382C240728B8}.Release|Any CPU.ActiveCfg = Release|Any CPU
		{EBBA1663-4F87-4164-8C25-382C240728B8}.Release|Any CPU.Build.0 = Release|Any CPU
		{EBBA1663-4F87-4164-8C25-382C240728B8}.Release|x64.ActiveCfg = Release|Any CPU
		{EBBA1663-4F87-4164-8C25-382C240728B8}.Release|x64.Build.0 = Release|Any CPU
		{EBBA1663-4F87-4164-8C25-382C240728B8}.Release|x86.ActiveCfg = Release|Any CPU
		{EBBA1663-4F87-4164-8C25-382C240728B8}.Release|x86.Build.0 = Release|Any CPU
		{2A905946-AF43-46D9-A620-D617EE8A0E16}.Debug|Any CPU.ActiveCfg = Debug|Any CPU
		{2A905946-AF43-46D9-A620-D617EE8A0E16}.Debug|Any CPU.Build.0 = Debug|Any CPU
		{2A905946-AF43-46D9-A620-D617EE8A0E16}.Debug|x64.ActiveCfg = Debug|Any CPU
		{2A905946-AF43-46D9-A620-D617EE8A0E16}.Debug|x64.Build.0 = Debug|Any CPU
		{2A905946-AF43-46D9-A620-D617EE8A0E16}.Debug|x86.ActiveCfg = Debug|Any CPU
		{2A905946-AF43-46D9-A620-D617EE8A0E16}.Debug|x86.Build.0 = Debug|Any CPU
		{2A905946-AF43-46D9-A620-D617EE8A0E16}.Release|Any CPU.ActiveCfg = Release|Any CPU
		{2A905946-AF43-46D9-A620-D617EE8A0E16}.Release|Any CPU.Build.0 = Release|Any CPU
		{2A905946-AF43-46D9-A620-D617EE8A0E16}.Release|x64.ActiveCfg = Release|Any CPU
		{2A905946-AF43-46D9-A620-D617EE8A0E16}.Release|x64.Build.0 = Release|Any CPU
		{2A905946-AF43-46D9-A620-D617EE8A0E16}.Release|x86.ActiveCfg = Release|Any CPU
		{2A905946-AF43-46D9-A620-D617EE8A0E16}.Release|x86.Build.0 = Release|Any CPU
	EndGlobalSection
	GlobalSection(SolutionProperties) = preSolution
		HideSolutionNode = FALSE
	EndGlobalSection
	GlobalSection(NestedProjects) = preSolution
		{2A905946-AF43-46D9-A620-D617EE8A0E16} = {0AB3BF05-4346-4AA6-1389-037BE0695223}
	EndGlobalSection
EndGlobal
